
Microsoft Visual Studio Solution File, Format Version 12.00
# Visual Studio Version 17
VisualStudioVersion = 17.2.32630.192
MinimumVisualStudioVersion = 10.0.40219.1
Project("{FAE04EC0-301F-11D3-BF4B-00C04F79EFBC}") = "cSahrp", "cSahrp.csproj", "{824EFCF3-5AEA-4E72-809C-3F5EEEF52A5B}"
EndProject
Global
	GlobalSection(SolutionConfigurationPlatforms) = preSolution
		Debug|Any CPU = Debug|Any CPU
		Release|Any CPU = Release|Any CPU
	EndGlobalSection
	GlobalSection(ProjectConfigurationPlatforms) = postSolution
		{824EFCF3-5AEA-4E72-809C-3F5EEEF52A5B}.Debug|Any CPU.ActiveCfg = Debug|Any CPU
		{824EFCF3-5AEA-4E72-809C-3F5EEEF52A5B}.Debug|Any CPU.Build.0 = Debug|Any CPU
		{824EFCF3-5AEA-4E72-809C-3F5EEEF52A5B}.Release|Any CPU.ActiveCfg = Release|Any CPU
		{824EFCF3-5AEA-4E72-809C-3F5EEEF52A5B}.Release|Any CPU.Build.0 = Release|Any CPU
	EndGlobalSection
	GlobalSection(SolutionProperties) = preSolution
		HideSolutionNode = FALSE
	EndGlobalSection
	GlobalSection(ExtensibilityGlobals) = postSolution
		SolutionGuid = {0BECF30E-40BB-4B8A-AD8E-9BBE58CB0A63}
	EndGlobalSection
EndGlobal
